// !$*UTF8*$!
{
	archiveVersion = 1;
	classes = {
	};
	objectVersion = 46;
	objects = {

/* Begin PBXBuildFile section */
		F52226DA1EA6EEBB0003E722 /* HelloViewController.swift in Sources */ = {isa = PBXBuildFile; fileRef = F52226D81EA6EEBB0003E722 /* HelloViewController.swift */; };
		F52226DB1EA6EEBB0003E722 /* HelloViewController.xib in Resources */ = {isa = PBXBuildFile; fileRef = F52226D91EA6EEBB0003E722 /* HelloViewController.xib */; };
		F52226E01EA6EEE00003E722 /* GoodByeViewController.swift in Sources */ = {isa = PBXBuildFile; fileRef = F52226DE1EA6EEE00003E722 /* GoodByeViewController.swift */; };
		F52226E11EA6EEE00003E722 /* GoodByeViewController.xib in Resources */ = {isa = PBXBuildFile; fileRef = F52226DF1EA6EEE00003E722 /* GoodByeViewController.xib */; };
		F5D1D0121EA5CB20004B53BC /* AppDelegate.swift in Sources */ = {isa = PBXBuildFile; fileRef = F5D1D0111EA5CB20004B53BC /* AppDelegate.swift */; };
		F5D1D0141EA5CB20004B53BC /* OragamiViewController.swift in Sources */ = {isa = PBXBuildFile; fileRef = F5D1D0131EA5CB20004B53BC /* OragamiViewController.swift */; };
		F5D1D0191EA5CB20004B53BC /* Assets.xcassets in Resources */ = {isa = PBXBuildFile; fileRef = F5D1D0181EA5CB20004B53BC /* Assets.xcassets */; };
		F5D1D01C1EA5CB20004B53BC /* LaunchScreen.storyboard in Resources */ = {isa = PBXBuildFile; fileRef = F5D1D01A1EA5CB20004B53BC /* LaunchScreen.storyboard */; };
/* End PBXBuildFile section */

/* Begin PBXFileReference section */
		F52226D81EA6EEBB0003E722 /* HelloViewController.swift */ = {isa = PBXFileReference; fileEncoding = 4; lastKnownFileType = sourcecode.swift; path = HelloViewController.swift; sourceTree = "<group>"; };
		F52226D91EA6EEBB0003E722 /* HelloViewController.xib */ = {isa = PBXFileReference; fileEncoding = 4; lastKnownFileType = file.xib; path = HelloViewController.xib; sourceTree = "<group>"; };
		F52226DE1EA6EEE00003E722 /* GoodByeViewController.swift */ = {isa = PBXFileReference; fileEncoding = 4; lastKnownFileType = sourcecode.swift; name = GoodByeViewController.swift; path = ../GoodByeViewController.swift; sourceTree = "<group>"; };
		F52226DF1EA6EEE00003E722 /* GoodByeViewController.xib */ = {isa = PBXFileReference; fileEncoding = 4; lastKnownFileType = file.xib; name = GoodByeViewController.xib; path = ../GoodByeViewController.xib; sourceTree = "<group>"; };
		F5D1D00E1EA5CB20004B53BC /* CurtainTransition.app */ = {isa = PBXFileReference; explicitFileType = wrapper.application; includeInIndex = 0; path = CurtainTransition.app; sourceTree = BUILT_PRODUCTS_DIR; };
		F5D1D0111EA5CB20004B53BC /* AppDelegate.swift */ = {isa = PBXFileReference; lastKnownFileType = sourcecode.swift; path = AppDelegate.swift; sourceTree = "<group>"; };
		F5D1D0131EA5CB20004B53BC /* OragamiViewController.swift */ = {isa = PBXFileReference; lastKnownFileType = sourcecode.swift; path = OragamiViewController.swift; sourceTree = "<group>"; };
		F5D1D0181EA5CB20004B53BC /* Assets.xcassets */ = {isa = PBXFileReference; lastKnownFileType = folder.assetcatalog; path = Assets.xcassets; sourceTree = "<group>"; };
		F5D1D01B1EA5CB20004B53BC /* Base */ = {isa = PBXFileReference; lastKnownFileType = file.storyboard; name = Base; path = Base.lproj/LaunchScreen.storyboard; sourceTree = "<group>"; };
		F5D1D01D1EA5CB20004B53BC /* Info.plist */ = {isa = PBXFileReference; lastKnownFileType = text.plist.xml; path = Info.plist; sourceTree = "<group>"; };
/* End PBXFileReference section */

/* Begin PBXFrameworksBuildPhase section */
		F5D1D00B1EA5CB20004B53BC /* Frameworks */ = {
			isa = PBXFrameworksBuildPhase;
			buildActionMask = 2147483647;
			files = (
			);
			runOnlyForDeploymentPostprocessing = 0;
		};
/* End PBXFrameworksBuildPhase section */

/* Begin PBXGroup section */
		F5D1D0051EA5CB20004B53BC = {
			isa = PBXGroup;
			children = (
				F5D1D0101EA5CB20004B53BC /* CurtainTransition */,
				F5D1D00F1EA5CB20004B53BC /* Products */,
			);
			sourceTree = "<group>";
		};
		F5D1D00F1EA5CB20004B53BC /* Products */ = {
			isa = PBXGroup;
			children = (
				F5D1D00E1EA5CB20004B53BC /* CurtainTransition.app */,
			);
			name = Products;
			sourceTree = "<group>";
		};
		F5D1D0101EA5CB20004B53BC /* CurtainTransition */ = {
			isa = PBXGroup;
			children = (
				F5D1D0111EA5CB20004B53BC /* AppDelegate.swift */,
				F52226D81EA6EEBB0003E722 /* HelloViewController.swift */,
				F52226D91EA6EEBB0003E722 /* HelloViewController.xib */,
				F52226DE1EA6EEE00003E722 /* GoodByeViewController.swift */,
				F52226DF1EA6EEE00003E722 /* GoodByeViewController.xib */,
				F5D1D0131EA5CB20004B53BC /* OragamiViewController.swift */,
				F5D1D0181EA5CB20004B53BC /* Assets.xcassets */,
				F5D1D01A1EA5CB20004B53BC /* LaunchScreen.storyboard */,
				F5D1D01D1EA5CB20004B53BC /* Info.plist */,
			);
			path = CurtainTransition;
			sourceTree = "<group>";
		};
/* End PBXGroup section */

/* Begin PBXNativeTarget section */
		F5D1D00D1EA5CB20004B53BC /* CurtainTransition */ = {
			isa = PBXNativeTarget;
			buildConfigurationList = F5D1D0201EA5CB20004B53BC /* Build configuration list for PBXNativeTarget "CurtainTransition" */;
			buildPhases = (
				F5D1D00A1EA5CB20004B53BC /* Sources */,
				F5D1D00B1EA5CB20004B53BC /* Frameworks */,
				F5D1D00C1EA5CB20004B53BC /* Resources */,
			);
			buildRules = (
			);
			dependencies = (
			);
			name = CurtainTransition;
			productName = CurtainTransition;
			productReference = F5D1D00E1EA5CB20004B53BC /* CurtainTransition.app */;
			productType = "com.apple.product-type.application";
		};
/* End PBXNativeTarget section */

/* Begin PBXProject section */
		F5D1D0061EA5CB20004B53BC /* Project object */ = {
			isa = PBXProject;
			attributes = {
				LastSwiftUpdateCheck = 0830;
				LastUpgradeCheck = 0830;
				ORGANIZATIONNAME = "waleed azhar";
				TargetAttributes = {
					F5D1D00D1EA5CB20004B53BC = {
						CreatedOnToolsVersion = 8.3.1;
						DevelopmentTeam = XDH2NZC23D;
						ProvisioningStyle = Automatic;
					};
				};
			};
			buildConfigurationList = F5D1D0091EA5CB20004B53BC /* Build configuration list for PBXProject "CurtainTransition" */;
			compatibilityVersion = "Xcode 3.2";
			developmentRegion = English;
			hasScannedForEncodings = 0;
			knownRegions = (
				en,
				Base,
			);
			mainGroup = F5D1D0051EA5CB20004B53BC;
			productRefGroup = F5D1D00F1EA5CB20004B53BC /* Products */;
			projectDirPath = "";
			projectRoot = "";
			targets = (
				F5D1D00D1EA5CB20004B53BC /* CurtainTransition */,
			);
		};
/* End PBXProject section */

/* Begin PBXResourcesBuildPhase section */
		F5D1D00C1EA5CB20004B53BC /* Resources */ = {
			isa = PBXResourcesBuildPhase;
			buildActionMask = 2147483647;
			files = (
				F52226DB1EA6EEBB0003E722 /* HelloViewController.xib in Resources */,
				F5D1D01C1EA5CB20004B53BC /* LaunchScreen.storyboard in Resources */,
				F52226E11EA6EEE00003E722 /* GoodByeViewController.xib in Resources */,
				F5D1D0191EA5CB20004B53BC /* Assets.xcassets in Resources */,
			);
			runOnlyForDeploymentPostprocessing = 0;
		};
/* End PBXResourcesBuildPhase section */

/* Begin PBXSourcesBuildPhase section */
		F5D1D00A1EA5CB20004B53BC /* Sources */ = {
			isa = PBXSourcesBuildPhase;
			buildActionMask = 2147483647;
			files = (
				F52226DA1EA6EEBB0003E722 /* HelloViewController.swift in Sources */,
				F5D1D0141EA5CB20004B53BC /* OragamiViewController.swift in Sources */,
				F52226E01EA6EEE00003E722 /* GoodByeViewController.swift in Sources */,
				F5D1D0121EA5CB20004B53BC /* AppDelegate.swift in Sources */,
			);
			runOnlyForDeploymentPostprocessing = 0;
		};
/* End PBXSourcesBuildPhase section */

/* Begin PBXVariantGroup section */
		F5D1D01A1EA5CB20004B53BC /* LaunchScreen.storyboard */ = {
			isa = PBXVariantGroup;
			children = (
				F5D1D01B1EA5CB20004B53BC /* Base */,
			);
			name = LaunchScreen.storyboard;
			sourceTree = "<group>";
		};
/* End PBXVariantGroup section */

/* Begin XCBuildConfiguration section */
		F5D1D01E1EA5CB20004B53BC /* Debug */ = {
			isa = XCBuildConfiguration;
			buildSettings = {
				ALWAYS_SEARCH_USER_PATHS = NO;
				CLANG_ANALYZER_NONNULL = YES;
				CLANG_ANALYZER_NUMBER_OBJECT_CONVERSION = YES_AGGRESSIVE;
				CLANG_CXX_LANGUAGE_STANDARD = "gnu++0x";
				CLANG_CXX_LIBRARY = "libc++";
				CLANG_ENABLE_MODULES = YES;
				CLANG_ENABLE_OBJC_ARC = YES;
				CLANG_WARN_BOOL_CONVERSION = YES;
				CLANG_WARN_CONSTANT_CONVERSION = YES;
				CLANG_WARN_DIRECT_OBJC_ISA_USAGE = YES_ERROR;
				CLANG_WARN_DOCUMENTATION_COMMENTS = YES;
				CLANG_WARN_EMPTY_BODY = YES;
				CLANG_WARN_ENUM_CONVERSION = YES;
				CLANG_WARN_INFINITE_RECURSION = YES;
				CLANG_WARN_INT_CONVERSION = YES;
				CLANG_WARN_OBJC_ROOT_CLASS = YES_ERROR;
				CLANG_WARN_SUSPICIOUS_MOVE = YES;
				CLANG_WARN_UNREACHABLE_CODE = YES;
				CLANG_WARN__DUPLICATE_METHOD_MATCH = YES;
				"CODE_SIGN_IDENTITY[sdk=iphoneos*]" = "iPhone Developer";
				COPY_PHASE_STRIP = NO;
				DEBUG_INFORMATION_FORMAT = dwarf;
				ENABLE_STRICT_OBJC_MSGSEND = YES;
				ENABLE_TESTABILITY = YES;
				GCC_C_LANGUAGE_STANDARD = gnu99;
				GCC_DYNAMIC_NO_PIC = NO;
				GCC_NO_COMMON_BLOCKS = YES;
				GCC_OPTIMIZATION_LEVEL = 0;
				GCC_PREPROCESSOR_DEFINITIONS = (
					"DEBUG=1",
					"$(inherited)",
				);
				GCC_WARN_64_TO_32_BIT_CONVERSION = YES;
				GCC_WARN_ABOUT_RETURN_TYPE = YES_ERROR;
				GCC_WARN_UNDECLARED_SELECTOR = YES;
				GCC_WARN_UNINITIALIZED_AUTOS = YES_AGGRESSIVE;
				GCC_WARN_UNUSED_FUNCTION = YES;
				GCC_WARN_UNUSED_VARIABLE = YES;
				IPHONEOS_DEPLOYMENT_TARGET = 10.3;
				MTL_ENABLE_DEBUG_INFO = YES;
				ONLY_ACTIVE_ARCH = YES;
				SDKROOT = iphoneos;
				SWIFT_ACTIVE_COMPILATION_CONDITIONS = DEBUG;
				SWIFT_OPTIMIZATION_LEVEL = "-Onone";
			};
			name = Debug;
		};
		F5D1D01F1EA5CB20004B53BC /* Release */ = {
			isa = XCBuildConfiguration;
			buildSettings = {
				ALWAYS_SEARCH_USER_PATHS = NO;
				CLANG_ANALYZER_NONNULL = YES;
				CLANG_ANALYZER_NUMBER_OBJECT_CONVERSION = YES_AGGRESSIVE;
				CLANG_CXX_LANGUAGE_STANDARD = "gnu++0x";
				CLANG_CXX_LIBRARY = "libc++";
				CLANG_ENABLE_MODULES = YES;
				CLANG_ENABLE_OBJC_ARC = YES;
				CLANG_WARN_BOOL_CONVERSION = YES;
				CLANG_WARN_CONSTANT_CONVERSION = YES;
				CLANG_WARN_DIRECT_OBJC_ISA_USAGE = YES_ERROR;
				CLANG_WARN_DOCUMENTATION_COMMENTS = YES;
				CLANG_WARN_EMPTY_BODY = YES;
				CLANG_WARN_ENUM_CONVERSION = YES;
				CLANG_WARN_INFINITE_RECURSION = YES;
				CLANG_WARN_INT_CONVERSION = YES;
				CLANG_WARN_OBJC_ROOT_CLASS = YES_ERROR;
				CLANG_WARN_SUSPICIOUS_MOVE = YES;
				CLANG_WARN_UNREACHABLE_CODE = YES;
				CLANG_WARN__DUPLICATE_METHOD_MATCH = YES;
				"CODE_SIGN_IDENTITY[sdk=iphoneos*]" = "iPhone Developer";
				COPY_PHASE_STRIP = NO;
				DEBUG_INFORMATION_FORMAT = "dwarf-with-dsym";
				ENABLE_NS_ASSERTIONS = NO;
				ENABLE_STRICT_OBJC_MSGSEND = YES;
				GCC_C_LANGUAGE_STANDARD = gnu99;
				GCC_NO_COMMON_BLOCKS = YES;
				GCC_WARN_64_TO_32_BIT_CONVERSION = YES;
				GCC_WARN_ABOUT_RETURN_TYPE = YES_ERROR;
				GCC_WARN_UNDECLARED_SELECTOR = YES;
				GCC_WARN_UNINITIALIZED_AUTOS = YES_AGGRESSIVE;
				GCC_WARN_UNUSED_FUNCTION = YES;
				GCC_WARN_UNUSED_VARIABLE = YES;
				IPHONEOS_DEPLOYMENT_TARGET = 10.3;
				MTL_ENABLE_DEBUG_INFO = NO;
				SDKROOT = iphoneos;
				SWIFT_OPTIMIZATION_LEVEL = "-Owholemodule";
				VALIDATE_PRODUCT = YES;
			};
			name = Release;
		};
		F5D1D0211EA5CB20004B53BC /* Debug */ = {
			isa = XCBuildConfiguration;
			buildSettings = {
				ASSETCATALOG_COMPILER_APPICON_NAME = AppIcon;
				DEVELOPMENT_TEAM = XDH2NZC23D;
				INFOPLIST_FILE = CurtainTransition/Info.plist;
				LD_RUNPATH_SEARCH_PATHS = "$(inherited) @executable_path/Frameworks";
				PRODUCT_BUNDLE_IDENTIFIER = com.Sycamore.CurtainTransition;
				PRODUCT_NAME = "$(TARGET_NAME)";
				SWIFT_VERSION = 3.0;
			};
			name = Debug;
		};
		F5D1D0221EA5CB20004B53BC /* Release */ = {
			isa = XCBuildConfiguration;
			buildSettings = {
				ASSETCATALOG_COMPILER_APPICON_NAME = AppIcon;
				DEVELOPMENT_TEAM = XDH2NZC23D;
				INFOPLIST_FILE = CurtainTransition/Info.plist;
				LD_RUNPATH_SEARCH_PATHS = "$(inherited) @executable_path/Frameworks";
				PRODUCT_BUNDLE_IDENTIFIER = com.Sycamore.CurtainTransition;
				PRODUCT_NAME = "$(TARGET_NAME)";
				SWIFT_VERSION = 3.0;
			};
			name = Release;
		};
/* End XCBuildConfiguration section */

/* Begin XCConfigurationList section */
		F5D1D0091EA5CB20004B53BC /* Build configuration list for PBXProject "CurtainTransition" */ = {
			isa = XCConfigurationList;
			buildConfigurations = (
				F5D1D01E1EA5CB20004B53BC /* Debug */,
				F5D1D01F1EA5CB20004B53BC /* Release */,
			);
			defaultConfigurationIsVisible = 0;
			defaultConfigurationName = Release;
		};
		F5D1D0201EA5CB20004B53BC /* Build configuration list for PBXNativeTarget "CurtainTransition" */ = {
			isa = XCConfigurationList;
			buildConfigurations = (
				F5D1D0211EA5CB20004B53BC /* Debug */,
				F5D1D0221EA5CB20004B53BC /* Release */,
			);
			defaultConfigurationIsVisible = 0;
			defaultConfigurationName = Release;
		};
/* End XCConfigurationList section */
	};
	rootObject = F5D1D0061EA5CB20004B53BC /* Project object */;
}
